
Microsoft Visual Studio Solution File, Format Version 12.00
# Visual Studio Version 17
VisualStudioVersion = 17.5.33516.290
MinimumVisualStudioVersion = 10.0.40219.1
Project("{FAE04EC0-301F-11D3-BF4B-00C04F79EFBC}") = "TestProject1", "TestProject1\TestProject1.csproj", "{CF5022FD-39EF-43EA-98AC-7B5B7EA4EC58}"
EndProject
Global
	GlobalSection(SolutionConfigurationPlatforms) = preSolution
		Debug|Any CPU = Debug|Any CPU
		Release|Any CPU = Release|Any CPU
	EndGlobalSection
	GlobalSection(ProjectConfigurationPlatforms) = postSolution
		{CF5022FD-39EF-43EA-98AC-7B5B7EA4EC58}.Debug|Any CPU.ActiveCfg = Debug|Any CPU
		{CF5022FD-39EF-43EA-98AC-7B5B7EA4EC58}.Debug|Any CPU.Build.0 = Debug|Any CPU
		{CF5022FD-39EF-43EA-98AC-7B5B7EA4EC58}.Release|Any CPU.ActiveCfg = Release|Any CPU
		{CF5022FD-39EF-43EA-98AC-7B5B7EA4EC58}.Release|Any CPU.Build.0 = Release|Any CPU
	EndGlobalSection
	GlobalSection(SolutionProperties) = preSolution
		HideSolutionNode = FALSE
	EndGlobalSection
	GlobalSection(ExtensibilityGlobals) = postSolution
		SolutionGuid = {2CB6908F-AD29-4C84-B316-02ECEFBDC7E9}
	EndGlobalSection
EndGlobal
